// !$*UTF8*$!
{
	archiveVersion = 1;
	classes = {
	};
	objectVersion = 48;
	objects = {

/* Begin PBXBuildFile section */
		FE45959B1B70C61B00AC1482 /* PIUtilities.h in Headers */ = {isa = PBXBuildFile; fileRef = FE45959A1B70C61B00AC1482 /* PIUtilities.h */; settings = {ATTRIBUTES = (Public, ); }; };
		FEB9C23C19A36D5800324DB8 /* Foundation.framework in Frameworks */ = {isa = PBXBuildFile; fileRef = FEB9C23B19A36D5800324DB8 /* Foundation.framework */; };
		FEB9C26619A36D8C00324DB8 /* Foundation.framework in Frameworks */ = {isa = PBXBuildFile; fileRef = FEB9C23B19A36D5800324DB8 /* Foundation.framework */; };
		FEB9C26819A36D8C00324DB8 /* CoreGraphics.framework in Frameworks */ = {isa = PBXBuildFile; fileRef = FEB9C26719A36D8C00324DB8 /* CoreGraphics.framework */; };
		FEB9C26919A36D8C00324DB8 /* UIKit.framework in Frameworks */ = {isa = PBXBuildFile; fileRef = FEB9C24C19A36D5800324DB8 /* UIKit.framework */; };
		FEB9C29419A36E1E00324DB8 /* PIPDFDocument.m in Sources */ = {isa = PBXBuildFile; fileRef = FEB9C29319A36E1E00324DB8 /* PIPDFDocument.m */; };
		FEB9C29619A36E2E00324DB8 /* PDFImage.h in Headers */ = {isa = PBXBuildFile; fileRef = FEB9C24019A36D5800324DB8 /* PDFImage.h */; settings = {ATTRIBUTES = (Public, ); }; };
		FEB9C29719A36E2E00324DB8 /* PIPDFDocument.h in Headers */ = {isa = PBXBuildFile; fileRef = FEB9C29219A36E1E00324DB8 /* PIPDFDocument.h */; settings = {ATTRIBUTES = (Public, ); }; };
		FEB9C29819A36E5100324DB8 /* libPDFImage.a in Frameworks */ = {isa = PBXBuildFile; fileRef = FEB9C23819A36D5800324DB8 /* libPDFImage.a */; };
		FEF0FFC419A370D9001B5DDF /* PIPDFPage.h in Headers */ = {isa = PBXBuildFile; fileRef = FEF0FFC219A370D9001B5DDF /* PIPDFPage.h */; settings = {ATTRIBUTES = (Public, ); }; };
		FEF0FFC519A370D9001B5DDF /* PIPDFPage.m in Sources */ = {isa = PBXBuildFile; fileRef = FEF0FFC319A370D9001B5DDF /* PIPDFPage.m */; };
		FEF0FFC919A38D45001B5DDF /* UIImage+PDFImage.h in Headers */ = {isa = PBXBuildFile; fileRef = FEF0FFC719A38D45001B5DDF /* UIImage+PDFImage.h */; settings = {ATTRIBUTES = (Public, ); }; };
		FEF0FFCA19A38D45001B5DDF /* UIImage+PDFImage.m in Sources */ = {isa = PBXBuildFile; fileRef = FEF0FFC819A38D45001B5DDF /* UIImage+PDFImage.m */; };
/* End PBXBuildFile section */

/* Begin PBXFileReference section */
		FE45959A1B70C61B00AC1482 /* PIUtilities.h */ = {isa = PBXFileReference; fileEncoding = 4; lastKnownFileType = sourcecode.c.h; path = PIUtilities.h; sourceTree = "<group>"; };
		FEB9C23819A36D5800324DB8 /* libPDFImage.a */ = {isa = PBXFileReference; explicitFileType = archive.ar; includeInIndex = 0; path = libPDFImage.a; sourceTree = BUILT_PRODUCTS_DIR; };
		FEB9C23B19A36D5800324DB8 /* Foundation.framework */ = {isa = PBXFileReference; lastKnownFileType = wrapper.framework; name = Foundation.framework; path = System/Library/Frameworks/Foundation.framework; sourceTree = SDKROOT; };
		FEB9C23F19A36D5800324DB8 /* PDFImage-Prefix.pch */ = {isa = PBXFileReference; lastKnownFileType = sourcecode.c.h; path = "PDFImage-Prefix.pch"; sourceTree = "<group>"; };
		FEB9C24019A36D5800324DB8 /* PDFImage.h */ = {isa = PBXFileReference; lastKnownFileType = sourcecode.c.h; path = PDFImage.h; sourceTree = "<group>"; };
		FEB9C24919A36D5800324DB8 /* XCTest.framework */ = {isa = PBXFileReference; lastKnownFileType = wrapper.framework; name = XCTest.framework; path = Library/Frameworks/XCTest.framework; sourceTree = DEVELOPER_DIR; };
		FEB9C24C19A36D5800324DB8 /* UIKit.framework */ = {isa = PBXFileReference; lastKnownFileType = wrapper.framework; name = UIKit.framework; path = Library/Frameworks/UIKit.framework; sourceTree = DEVELOPER_DIR; };
		FEB9C26519A36D8C00324DB8 /* PDFImage Example.app */ = {isa = PBXFileReference; explicitFileType = wrapper.application; includeInIndex = 0; path = "PDFImage Example.app"; sourceTree = BUILT_PRODUCTS_DIR; };
		FEB9C26719A36D8C00324DB8 /* CoreGraphics.framework */ = {isa = PBXFileReference; lastKnownFileType = wrapper.framework; name = CoreGraphics.framework; path = System/Library/Frameworks/CoreGraphics.framework; sourceTree = SDKROOT; };
		FEB9C29219A36E1E00324DB8 /* PIPDFDocument.h */ = {isa = PBXFileReference; fileEncoding = 4; lastKnownFileType = sourcecode.c.h; path = PIPDFDocument.h; sourceTree = "<group>"; };
		FEB9C29319A36E1E00324DB8 /* PIPDFDocument.m */ = {isa = PBXFileReference; fileEncoding = 4; lastKnownFileType = sourcecode.c.objc; path = PIPDFDocument.m; sourceTree = "<group>"; };
		FEF0FFC219A370D9001B5DDF /* PIPDFPage.h */ = {isa = PBXFileReference; fileEncoding = 4; lastKnownFileType = sourcecode.c.h; path = PIPDFPage.h; sourceTree = "<group>"; };
		FEF0FFC319A370D9001B5DDF /* PIPDFPage.m */ = {isa = PBXFileReference; fileEncoding = 4; lastKnownFileType = sourcecode.c.objc; path = PIPDFPage.m; sourceTree = "<group>"; };
		FEF0FFC619A371BF001B5DDF /* PIPDFPage_Internal.h */ = {isa = PBXFileReference; lastKnownFileType = sourcecode.c.h; path = PIPDFPage_Internal.h; sourceTree = "<group>"; };
		FEF0FFC719A38D45001B5DDF /* UIImage+PDFImage.h */ = {isa = PBXFileReference; fileEncoding = 4; lastKnownFileType = sourcecode.c.h; path = "UIImage+PDFImage.h"; sourceTree = "<group>"; };
		FEF0FFC819A38D45001B5DDF /* UIImage+PDFImage.m */ = {isa = PBXFileReference; fileEncoding = 4; lastKnownFileType = sourcecode.c.objc; path = "UIImage+PDFImage.m"; sourceTree = "<group>"; };
/* End PBXFileReference section */

/* Begin PBXFrameworksBuildPhase section */
		FEB9C23519A36D5800324DB8 /* Frameworks */ = {
			isa = PBXFrameworksBuildPhase;
			buildActionMask = 2147483647;
			files = (
				FEB9C23C19A36D5800324DB8 /* Foundation.framework in Frameworks */,
			);
			runOnlyForDeploymentPostprocessing = 0;
		};
		FEB9C26219A36D8C00324DB8 /* Frameworks */ = {
			isa = PBXFrameworksBuildPhase;
			buildActionMask = 2147483647;
			files = (
				FEB9C29819A36E5100324DB8 /* libPDFImage.a in Frameworks */,
				FEB9C26819A36D8C00324DB8 /* CoreGraphics.framework in Frameworks */,
				FEB9C26919A36D8C00324DB8 /* UIKit.framework in Frameworks */,
				FEB9C26619A36D8C00324DB8 /* Foundation.framework in Frameworks */,
			);
			runOnlyForDeploymentPostprocessing = 0;
		};
/* End PBXFrameworksBuildPhase section */

/* Begin PBXGroup section */
		FEB9C22F19A36D5800324DB8 = {
			isa = PBXGroup;
			children = (
				FEB9C23D19A36D5800324DB8 /* PDFImage */,
				FEB9C23A19A36D5800324DB8 /* Frameworks */,
				FEB9C23919A36D5800324DB8 /* Products */,
			);
			sourceTree = "<group>";
		};
		FEB9C23919A36D5800324DB8 /* Products */ = {
			isa = PBXGroup;
			children = (
				FEB9C23819A36D5800324DB8 /* libPDFImage.a */,
				FEB9C26519A36D8C00324DB8 /* PDFImage Example.app */,
			);
			name = Products;
			sourceTree = "<group>";
		};
		FEB9C23A19A36D5800324DB8 /* Frameworks */ = {
			isa = PBXGroup;
			children = (
				FEB9C23B19A36D5800324DB8 /* Foundation.framework */,
				FEB9C24919A36D5800324DB8 /* XCTest.framework */,
				FEB9C24C19A36D5800324DB8 /* UIKit.framework */,
				FEB9C26719A36D8C00324DB8 /* CoreGraphics.framework */,
			);
			name = Frameworks;
			sourceTree = "<group>";
		};
		FEB9C23D19A36D5800324DB8 /* PDFImage */ = {
			isa = PBXGroup;
			children = (
				FEB9C24019A36D5800324DB8 /* PDFImage.h */,
				FE45959A1B70C61B00AC1482 /* PIUtilities.h */,
				FEB9C29219A36E1E00324DB8 /* PIPDFDocument.h */,
				FEB9C29319A36E1E00324DB8 /* PIPDFDocument.m */,
				FEF0FFC619A371BF001B5DDF /* PIPDFPage_Internal.h */,
				FEF0FFC219A370D9001B5DDF /* PIPDFPage.h */,
				FEF0FFC319A370D9001B5DDF /* PIPDFPage.m */,
				FEF0FFC719A38D45001B5DDF /* UIImage+PDFImage.h */,
				FEF0FFC819A38D45001B5DDF /* UIImage+PDFImage.m */,
				FEB9C23E19A36D5800324DB8 /* Supporting Files */,
			);
			path = PDFImage;
			sourceTree = "<group>";
		};
		FEB9C23E19A36D5800324DB8 /* Supporting Files */ = {
			isa = PBXGroup;
			children = (
				FEB9C23F19A36D5800324DB8 /* PDFImage-Prefix.pch */,
			);
			name = "Supporting Files";
			sourceTree = "<group>";
		};
/* End PBXGroup section */

/* Begin PBXHeadersBuildPhase section */
		FEB9C29519A36E2900324DB8 /* Headers */ = {
			isa = PBXHeadersBuildPhase;
			buildActionMask = 2147483647;
			files = (
				FEF0FFC419A370D9001B5DDF /* PIPDFPage.h in Headers */,
				FEF0FFC919A38D45001B5DDF /* UIImage+PDFImage.h in Headers */,
				FEB9C29619A36E2E00324DB8 /* PDFImage.h in Headers */,
				FEB9C29719A36E2E00324DB8 /* PIPDFDocument.h in Headers */,
				FE45959B1B70C61B00AC1482 /* PIUtilities.h in Headers */,
			);
			runOnlyForDeploymentPostprocessing = 0;
		};
/* End PBXHeadersBuildPhase section */

/* Begin PBXNativeTarget section */
		FEB9C23719A36D5800324DB8 /* PDFImage */ = {
			isa = PBXNativeTarget;
			buildConfigurationList = FEB9C25B19A36D5800324DB8 /* Build configuration list for PBXNativeTarget "PDFImage" */;
			buildPhases = (
				FEB9C23419A36D5800324DB8 /* Sources */,
				FEB9C23519A36D5800324DB8 /* Frameworks */,
				FEB9C29519A36E2900324DB8 /* Headers */,
			);
			buildRules = (
			);
			dependencies = (
			);
			name = PDFImage;
			productName = PDFImage;
			productReference = FEB9C23819A36D5800324DB8 /* libPDFImage.a */;
			productType = "com.apple.product-type.library.static";
		};
		FEB9C26419A36D8C00324DB8 /* PDFImage Example */ = {
			isa = PBXNativeTarget;
			buildConfigurationList = FEB9C28A19A36D8C00324DB8 /* Build configuration list for PBXNativeTarget "PDFImage Example" */;
			buildPhases = (
				FEB9C26119A36D8C00324DB8 /* Sources */,
				FEB9C26219A36D8C00324DB8 /* Frameworks */,
				FEB9C26319A36D8C00324DB8 /* Resources */,
			);
			buildRules = (
			);
			dependencies = (
			);
			name = "PDFImage Example";
			productName = "PDFImage Example";
			productReference = FEB9C26519A36D8C00324DB8 /* PDFImage Example.app */;
			productType = "com.apple.product-type.application";
		};
/* End PBXNativeTarget section */

/* Begin PBXProject section */
		FEB9C23019A36D5800324DB8 /* Project object */ = {
			isa = PBXProject;
			attributes = {
				CLASSPREFIX = PI;
				LastUpgradeCheck = 0900;
				ORGANIZATIONNAME = "@sodastsai";
			};
			buildConfigurationList = FEB9C23319A36D5800324DB8 /* Build configuration list for PBXProject "PDFImage" */;
			compatibilityVersion = "Xcode 8.0";
			developmentRegion = English;
			hasScannedForEncodings = 0;
			knownRegions = (
				en,
			);
			mainGroup = FEB9C22F19A36D5800324DB8;
			productRefGroup = FEB9C23919A36D5800324DB8 /* Products */;
			projectDirPath = "";
			projectRoot = "";
			targets = (
				FEB9C23719A36D5800324DB8 /* PDFImage */,
				FEB9C26419A36D8C00324DB8 /* PDFImage Example */,
			);
		};
/* End PBXProject section */

/* Begin PBXResourcesBuildPhase section */
		FEB9C26319A36D8C00324DB8 /* Resources */ = {
			isa = PBXResourcesBuildPhase;
			buildActionMask = 2147483647;
			files = (
			);
			runOnlyForDeploymentPostprocessing = 0;
		};
/* End PBXResourcesBuildPhase section */

/* Begin PBXSourcesBuildPhase section */
		FEB9C23419A36D5800324DB8 /* Sources */ = {
			isa = PBXSourcesBuildPhase;
			buildActionMask = 2147483647;
			files = (
				FEF0FFC519A370D9001B5DDF /* PIPDFPage.m in Sources */,
				FEF0FFCA19A38D45001B5DDF /* UIImage+PDFImage.m in Sources */,
				FEB9C29419A36E1E00324DB8 /* PIPDFDocument.m in Sources */,
			);
			runOnlyForDeploymentPostprocessing = 0;
		};
		FEB9C26119A36D8C00324DB8 /* Sources */ = {
			isa = PBXSourcesBuildPhase;
			buildActionMask = 2147483647;
			files = (
			);
			runOnlyForDeploymentPostprocessing = 0;
		};
/* End PBXSourcesBuildPhase section */

/* Begin XCBuildConfiguration section */
		FEB9C25919A36D5800324DB8 /* Debug */ = {
			isa = XCBuildConfiguration;
			buildSettings = {
				ALWAYS_SEARCH_USER_PATHS = NO;
				CLANG_CXX_LANGUAGE_STANDARD = "gnu++0x";
				CLANG_CXX_LIBRARY = "libc++";
				CLANG_ENABLE_MODULES = YES;
				CLANG_ENABLE_OBJC_ARC = YES;
				CLANG_WARN_BLOCK_CAPTURE_AUTORELEASING = YES;
				CLANG_WARN_BOOL_CONVERSION = YES;
				CLANG_WARN_COMMA = YES;
				CLANG_WARN_CONSTANT_CONVERSION = YES;
				CLANG_WARN_DIRECT_OBJC_ISA_USAGE = YES_ERROR;
				CLANG_WARN_EMPTY_BODY = YES;
				CLANG_WARN_ENUM_CONVERSION = YES;
				CLANG_WARN_INFINITE_RECURSION = YES;
				CLANG_WARN_INT_CONVERSION = YES;
				CLANG_WARN_NON_LITERAL_NULL_CONVERSION = YES;
				CLANG_WARN_OBJC_LITERAL_CONVERSION = YES;
				CLANG_WARN_OBJC_ROOT_CLASS = YES_ERROR;
				CLANG_WARN_RANGE_LOOP_ANALYSIS = YES;
				CLANG_WARN_STRICT_PROTOTYPES = YES;
				CLANG_WARN_SUSPICIOUS_MOVE = YES;
				CLANG_WARN_UNREACHABLE_CODE = YES;
				CLANG_WARN__DUPLICATE_METHOD_MATCH = YES;
				COPY_PHASE_STRIP = NO;
				ENABLE_STRICT_OBJC_MSGSEND = YES;
				ENABLE_TESTABILITY = YES;
				GCC_C_LANGUAGE_STANDARD = gnu99;
				GCC_DYNAMIC_NO_PIC = NO;
				GCC_NO_COMMON_BLOCKS = YES;
				GCC_OPTIMIZATION_LEVEL = 0;
				GCC_PREPROCESSOR_DEFINITIONS = (
					"DEBUG=1",
					"$(inherited)",
				);
				GCC_SYMBOLS_PRIVATE_EXTERN = NO;
				GCC_WARN_64_TO_32_BIT_CONVERSION = YES;
				GCC_WARN_ABOUT_RETURN_TYPE = YES_ERROR;
				GCC_WARN_UNDECLARED_SELECTOR = YES;
				GCC_WARN_UNINITIALIZED_AUTOS = YES_AGGRESSIVE;
				GCC_WARN_UNUSED_FUNCTION = YES;
				GCC_WARN_UNUSED_VARIABLE = YES;
				IPHONEOS_DEPLOYMENT_TARGET = 8.0;
				ONLY_ACTIVE_ARCH = YES;
				SDKROOT = iphoneos;
			};
			name = Debug;
		};
		FEB9C25A19A36D5800324DB8 /* Release */ = {
			isa = XCBuildConfiguration;
			buildSettings = {
				ALWAYS_SEARCH_USER_PATHS = NO;
				CLANG_CXX_LANGUAGE_STANDARD = "gnu++0x";
				CLANG_CXX_LIBRARY = "libc++";
				CLANG_ENABLE_MODULES = YES;
				CLANG_ENABLE_OBJC_ARC = YES;
				CLANG_WARN_BLOCK_CAPTURE_AUTORELEASING = YES;
				CLANG_WARN_BOOL_CONVERSION = YES;
				CLANG_WARN_COMMA = YES;
				CLANG_WARN_CONSTANT_CONVERSION = YES;
				CLANG_WARN_DIRECT_OBJC_ISA_USAGE = YES_ERROR;
				CLANG_WARN_EMPTY_BODY = YES;
				CLANG_WARN_ENUM_CONVERSION = YES;
				CLANG_WARN_INFINITE_RECURSION = YES;
				CLANG_WARN_INT_CONVERSION = YES;
				CLANG_WARN_NON_LITERAL_NULL_CONVERSION = YES;
				CLANG_WARN_OBJC_LITERAL_CONVERSION = YES;
				CLANG_WARN_OBJC_ROOT_CLASS = YES_ERROR;
				CLANG_WARN_RANGE_LOOP_ANALYSIS = YES;
				CLANG_WARN_STRICT_PROTOTYPES = YES;
				CLANG_WARN_SUSPICIOUS_MOVE = YES;
				CLANG_WARN_UNREACHABLE_CODE = YES;
				CLANG_WARN__DUPLICATE_METHOD_MATCH = YES;
				COPY_PHASE_STRIP = YES;
				ENABLE_NS_ASSERTIONS = NO;
				ENABLE_STRICT_OBJC_MSGSEND = YES;
				GCC_C_LANGUAGE_STANDARD = gnu99;
				GCC_NO_COMMON_BLOCKS = YES;
				GCC_WARN_64_TO_32_BIT_CONVERSION = YES;
				GCC_WARN_ABOUT_RETURN_TYPE = YES_ERROR;
				GCC_WARN_UNDECLARED_SELECTOR = YES;
				GCC_WARN_UNINITIALIZED_AUTOS = YES_AGGRESSIVE;
				GCC_WARN_UNUSED_FUNCTION = YES;
				GCC_WARN_UNUSED_VARIABLE = YES;
				IPHONEOS_DEPLOYMENT_TARGET = 8.0;
				SDKROOT = iphoneos;
				VALIDATE_PRODUCT = YES;
			};
			name = Release;
		};
		FEB9C25C19A36D5800324DB8 /* Debug */ = {
			isa = XCBuildConfiguration;
			buildSettings = {
				DSTROOT = /tmp/PDFImage.dst;
				GCC_PRECOMPILE_PREFIX_HEADER = YES;
				GCC_PREFIX_HEADER = "PDFImage/PDFImage-Prefix.pch";
				OTHER_LDFLAGS = "-ObjC";
				PRODUCT_NAME = "$(TARGET_NAME)";
				SKIP_INSTALL = YES;
			};
			name = Debug;
		};
		FEB9C25D19A36D5800324DB8 /* Release */ = {
			isa = XCBuildConfiguration;
			buildSettings = {
				DSTROOT = /tmp/PDFImage.dst;
				GCC_PRECOMPILE_PREFIX_HEADER = YES;
				GCC_PREFIX_HEADER = "PDFImage/PDFImage-Prefix.pch";
				OTHER_LDFLAGS = "-ObjC";
				PRODUCT_NAME = "$(TARGET_NAME)";
				SKIP_INSTALL = YES;
			};
			name = Release;
		};
		FEB9C28B19A36D8C00324DB8 /* Debug */ = {
			isa = XCBuildConfiguration;
			buildSettings = {
				ASSETCATALOG_COMPILER_APPICON_NAME = AppIcon;
				ASSETCATALOG_COMPILER_LAUNCHIMAGE_NAME = LaunchImage;
				"CODE_SIGN_IDENTITY[sdk=iphoneos*]" = "iPhone Developer";
				FRAMEWORK_SEARCH_PATHS = (
					"$(inherited)",
					"$(DEVELOPER_FRAMEWORKS_DIR)",
				);
				GCC_PRECOMPILE_PREFIX_HEADER = YES;
				GCC_PREFIX_HEADER = "PDFImage Example/PDFImage Example-Prefix.pch";
				GCC_PREPROCESSOR_DEFINITIONS = (
					"DEBUG=1",
					"$(inherited)",
				);
				INFOPLIST_FILE = "PDFImage Example/PDFImage Example-Info.plist";
				OTHER_LDFLAGS = "-ObjC";
				PRODUCT_BUNDLE_IDENTIFIER = "tw.sodas.${PRODUCT_NAME:rfc1034identifier}";
				PRODUCT_NAME = "$(TARGET_NAME)";
				WRAPPER_EXTENSION = app;
			};
			name = Debug;
		};
		FEB9C28C19A36D8C00324DB8 /* Release */ = {
			isa = XCBuildConfiguration;
			buildSettings = {
				ASSETCATALOG_COMPILER_APPICON_NAME = AppIcon;
				ASSETCATALOG_COMPILER_LAUNCHIMAGE_NAME = LaunchImage;
				"CODE_SIGN_IDENTITY[sdk=iphoneos*]" = "iPhone Developer";
				FRAMEWORK_SEARCH_PATHS = (
					"$(inherited)",
					"$(DEVELOPER_FRAMEWORKS_DIR)",
				);
				GCC_PRECOMPILE_PREFIX_HEADER = YES;
				GCC_PREFIX_HEADER = "PDFImage Example/PDFImage Example-Prefix.pch";
				INFOPLIST_FILE = "PDFImage Example/PDFImage Example-Info.plist";
				OTHER_LDFLAGS = "-ObjC";
				PRODUCT_BUNDLE_IDENTIFIER = "tw.sodas.${PRODUCT_NAME:rfc1034identifier}";
				PRODUCT_NAME = "$(TARGET_NAME)";
				WRAPPER_EXTENSION = app;
			};
			name = Release;
		};
/* End XCBuildConfiguration section */

/* Begin XCConfigurationList section */
		FEB9C23319A36D5800324DB8 /* Build configuration list for PBXProject "PDFImage" */ = {
			isa = XCConfigurationList;
			buildConfigurations = (
				FEB9C25919A36D5800324DB8 /* Debug */,
				FEB9C25A19A36D5800324DB8 /* Release */,
			);
			defaultConfigurationIsVisible = 0;
			defaultConfigurationName = Release;
		};
		FEB9C25B19A36D5800324DB8 /* Build configuration list for PBXNativeTarget "PDFImage" */ = {
			isa = XCConfigurationList;
			buildConfigurations = (
				FEB9C25C19A36D5800324DB8 /* Debug */,
				FEB9C25D19A36D5800324DB8 /* Release */,
			);
			defaultConfigurationIsVisible = 0;
			defaultConfigurationName = Release;
		};
		FEB9C28A19A36D8C00324DB8 /* Build configuration list for PBXNativeTarget "PDFImage Example" */ = {
			isa = XCConfigurationList;
			buildConfigurations = (
				FEB9C28B19A36D8C00324DB8 /* Debug */,
				FEB9C28C19A36D8C00324DB8 /* Release */,
			);
			defaultConfigurationIsVisible = 0;
			defaultConfigurationName = Release;
		};
/* End XCConfigurationList section */
	};
	rootObject = FEB9C23019A36D5800324DB8 /* Project object */;
}
